// !$*UTF8*$!
{
	archiveVersion = 1;
	classes = {
	};
	objectVersion = 46;
	objects = {

/* Begin PBXBuildFile section */
		AB18154F1BAA57DC00F65B33 /* main.c in Sources */ = {isa = PBXBuildFile; fileRef = AB18154E1BAA57DC00F65B33 /* main.c */; };
		AB1815561BAA5AFB00F65B33 /* id3_Header.c in Sources */ = {isa = PBXBuildFile; fileRef = AB1815541BAA5AFB00F65B33 /* id3_Header.c */; };
		AB1815571BAA5AFB00F65B33 /* id3_Header.h in Headers */ = {isa = PBXBuildFile; fileRef = AB1815551BAA5AFB00F65B33 /* id3_Header.h */; };
		AB1815581BAA5B0800F65B33 /* libacid3.dylib in Frameworks */ = {isa = PBXBuildFile; fileRef = AB1815411BAA57C400F65B33 /* libacid3.dylib */; };
		AB18155B1BAA5B1F00F65B33 /* id3_File.c in Sources */ = {isa = PBXBuildFile; fileRef = AB1815591BAA5B1F00F65B33 /* id3_File.c */; };
		AB18155C1BAA5B1F00F65B33 /* id3_File.h in Headers */ = {isa = PBXBuildFile; fileRef = AB18155A1BAA5B1F00F65B33 /* id3_File.h */; };
		AB18155F1BAA5B6F00F65B33 /* id3_Error.c in Sources */ = {isa = PBXBuildFile; fileRef = AB18155D1BAA5B6F00F65B33 /* id3_Error.c */; };
		AB1815601BAA5B6F00F65B33 /* id3_Error.h in Headers */ = {isa = PBXBuildFile; fileRef = AB18155E1BAA5B6F00F65B33 /* id3_Error.h */; };
/* End PBXBuildFile section */

/* Begin PBXCopyFilesBuildPhase section */
		AB18154A1BAA57DC00F65B33 /* CopyFiles */ = {
			isa = PBXCopyFilesBuildPhase;
			buildActionMask = 2147483647;
			dstPath = /usr/share/man/man1/;
			dstSubfolderSpec = 0;
			files = (
			);
			runOnlyForDeploymentPostprocessing = 1;
		};
/* End PBXCopyFilesBuildPhase section */

/* Begin PBXFileReference section */
		AB1815411BAA57C400F65B33 /* libacid3.dylib */ = {isa = PBXFileReference; explicitFileType = "compiled.mach-o.dylib"; includeInIndex = 0; path = libacid3.dylib; sourceTree = BUILT_PRODUCTS_DIR; };
		AB18154C1BAA57DC00F65B33 /* acid3Tests */ = {isa = PBXFileReference; explicitFileType = "compiled.mach-o.executable"; includeInIndex = 0; path = acid3Tests; sourceTree = BUILT_PRODUCTS_DIR; };
		AB18154E1BAA57DC00F65B33 /* main.c */ = {isa = PBXFileReference; lastKnownFileType = sourcecode.c.c; path = main.c; sourceTree = "<group>"; };
		AB1815541BAA5AFB00F65B33 /* id3_Header.c */ = {isa = PBXFileReference; fileEncoding = 4; lastKnownFileType = sourcecode.c.c; path = id3_Header.c; sourceTree = "<group>"; };
		AB1815551BAA5AFB00F65B33 /* id3_Header.h */ = {isa = PBXFileReference; fileEncoding = 4; lastKnownFileType = sourcecode.c.h; path = id3_Header.h; sourceTree = "<group>"; };
		AB1815591BAA5B1F00F65B33 /* id3_File.c */ = {isa = PBXFileReference; fileEncoding = 4; lastKnownFileType = sourcecode.c.c; path = id3_File.c; sourceTree = "<group>"; };
		AB18155A1BAA5B1F00F65B33 /* id3_File.h */ = {isa = PBXFileReference; fileEncoding = 4; lastKnownFileType = sourcecode.c.h; path = id3_File.h; sourceTree = "<group>"; };
		AB18155D1BAA5B6F00F65B33 /* id3_Error.c */ = {isa = PBXFileReference; fileEncoding = 4; lastKnownFileType = sourcecode.c.c; path = id3_Error.c; sourceTree = "<group>"; };
		AB18155E1BAA5B6F00F65B33 /* id3_Error.h */ = {isa = PBXFileReference; fileEncoding = 4; lastKnownFileType = sourcecode.c.h; path = id3_Error.h; sourceTree = "<group>"; };
/* End PBXFileReference section */

/* Begin PBXFrameworksBuildPhase section */
		AB18153E1BAA57C400F65B33 /* Frameworks */ = {
			isa = PBXFrameworksBuildPhase;
			buildActionMask = 2147483647;
			files = (
			);
			runOnlyForDeploymentPostprocessing = 0;
		};
		AB1815491BAA57DC00F65B33 /* Frameworks */ = {
			isa = PBXFrameworksBuildPhase;
			buildActionMask = 2147483647;
			files = (
				AB1815581BAA5B0800F65B33 /* libacid3.dylib in Frameworks */,
			);
			runOnlyForDeploymentPostprocessing = 0;
		};
/* End PBXFrameworksBuildPhase section */

/* Begin PBXGroup section */
		AB1815381BAA57C400F65B33 = {
			isa = PBXGroup;
			children = (
				AB1815531BAA57E100F65B33 /* acid3 */,
				AB18154D1BAA57DC00F65B33 /* acid3Tests */,
				AB1815421BAA57C400F65B33 /* Products */,
			);
			sourceTree = "<group>";
		};
		AB1815421BAA57C400F65B33 /* Products */ = {
			isa = PBXGroup;
			children = (
				AB1815411BAA57C400F65B33 /* libacid3.dylib */,
				AB18154C1BAA57DC00F65B33 /* acid3Tests */,
			);
			name = Products;
			sourceTree = "<group>";
		};
		AB18154D1BAA57DC00F65B33 /* acid3Tests */ = {
			isa = PBXGroup;
			children = (
				AB18154E1BAA57DC00F65B33 /* main.c */,
			);
			path = acid3Tests;
			sourceTree = "<group>";
		};
		AB1815531BAA57E100F65B33 /* acid3 */ = {
			isa = PBXGroup;
			children = (
				AB18155E1BAA5B6F00F65B33 /* id3_Error.h */,
				AB18155D1BAA5B6F00F65B33 /* id3_Error.c */,
				AB18155A1BAA5B1F00F65B33 /* id3_File.h */,
				AB1815591BAA5B1F00F65B33 /* id3_File.c */,
				AB1815551BAA5AFB00F65B33 /* id3_Header.h */,
				AB1815541BAA5AFB00F65B33 /* id3_Header.c */,
			);
			name = acid3;
			sourceTree = "<group>";
		};
/* End PBXGroup section */

/* Begin PBXHeadersBuildPhase section */
		AB18153F1BAA57C400F65B33 /* Headers */ = {
			isa = PBXHeadersBuildPhase;
			buildActionMask = 2147483647;
			files = (
				AB1815601BAA5B6F00F65B33 /* id3_Error.h in Headers */,
				AB1815571BAA5AFB00F65B33 /* id3_Header.h in Headers */,
				AB18155C1BAA5B1F00F65B33 /* id3_File.h in Headers */,
			);
			runOnlyForDeploymentPostprocessing = 0;
		};
/* End PBXHeadersBuildPhase section */

/* Begin PBXNativeTarget section */
		AB1815401BAA57C400F65B33 /* acid3 */ = {
			isa = PBXNativeTarget;
			buildConfigurationList = AB1815451BAA57C400F65B33 /* Build configuration list for PBXNativeTarget "acid3" */;
			buildPhases = (
				AB18153D1BAA57C400F65B33 /* Sources */,
				AB18153E1BAA57C400F65B33 /* Frameworks */,
				AB18153F1BAA57C400F65B33 /* Headers */,
			);
			buildRules = (
			);
			dependencies = (
			);
			name = acid3;
			productName = acid3;
			productReference = AB1815411BAA57C400F65B33 /* libacid3.dylib */;
			productType = "com.apple.product-type.library.dynamic";
		};
		AB18154B1BAA57DC00F65B33 /* acid3Tests */ = {
			isa = PBXNativeTarget;
			buildConfigurationList = AB1815501BAA57DC00F65B33 /* Build configuration list for PBXNativeTarget "acid3Tests" */;
			buildPhases = (
				AB1815481BAA57DC00F65B33 /* Sources */,
				AB1815491BAA57DC00F65B33 /* Frameworks */,
				AB18154A1BAA57DC00F65B33 /* CopyFiles */,
			);
			buildRules = (
			);
			dependencies = (
			);
			name = acid3Tests;
			productName = acid3Tests;
			productReference = AB18154C1BAA57DC00F65B33 /* acid3Tests */;
			productType = "com.apple.product-type.tool";
		};
/* End PBXNativeTarget section */

/* Begin PBXProject section */
		AB1815391BAA57C400F65B33 /* Project object */ = {
			isa = PBXProject;
			attributes = {
				LastUpgradeCheck = 0640;
				ORGANIZATIONNAME = "Christopher Loonam";
				TargetAttributes = {
					AB1815401BAA57C400F65B33 = {
						CreatedOnToolsVersion = 6.4;
					};
					AB18154B1BAA57DC00F65B33 = {
						CreatedOnToolsVersion = 6.4;
					};
				};
			};
			buildConfigurationList = AB18153C1BAA57C400F65B33 /* Build configuration list for PBXProject "acid3" */;
			compatibilityVersion = "Xcode 3.2";
			developmentRegion = English;
			hasScannedForEncodings = 0;
			knownRegions = (
				en,
			);
			mainGroup = AB1815381BAA57C400F65B33;
			productRefGroup = AB1815421BAA57C400F65B33 /* Products */;
			projectDirPath = "";
			projectRoot = "";
			targets = (
				AB1815401BAA57C400F65B33 /* acid3 */,
				AB18154B1BAA57DC00F65B33 /* acid3Tests */,
			);
		};
/* End PBXProject section */

/* Begin PBXSourcesBuildPhase section */
		AB18153D1BAA57C400F65B33 /* Sources */ = {
			isa = PBXSourcesBuildPhase;
			buildActionMask = 2147483647;
			files = (
				AB18155F1BAA5B6F00F65B33 /* id3_Error.c in Sources */,
				AB18155B1BAA5B1F00F65B33 /* id3_File.c in Sources */,
				AB1815561BAA5AFB00F65B33 /* id3_Header.c in Sources */,
			);
			runOnlyForDeploymentPostprocessing = 0;
		};
		AB1815481BAA57DC00F65B33 /* Sources */ = {
			isa = PBXSourcesBuildPhase;
			buildActionMask = 2147483647;
			files = (
				AB18154F1BAA57DC00F65B33 /* main.c in Sources */,
			);
			runOnlyForDeploymentPostprocessing = 0;
		};
/* End PBXSourcesBuildPhase section */

/* Begin XCBuildConfiguration section */
		AB1815431BAA57C400F65B33 /* Debug */ = {
			isa = XCBuildConfiguration;
			buildSettings = {
				ALWAYS_SEARCH_USER_PATHS = NO;
				CLANG_CXX_LANGUAGE_STANDARD = "gnu++0x";
				CLANG_CXX_LIBRARY = "libc++";
				CLANG_ENABLE_MODULES = YES;
				CLANG_ENABLE_OBJC_ARC = YES;
				CLANG_WARN_BOOL_CONVERSION = YES;
				CLANG_WARN_CONSTANT_CONVERSION = YES;
				CLANG_WARN_DIRECT_OBJC_ISA_USAGE = YES_ERROR;
				CLANG_WARN_EMPTY_BODY = YES;
				CLANG_WARN_ENUM_CONVERSION = YES;
				CLANG_WARN_INT_CONVERSION = YES;
				CLANG_WARN_OBJC_ROOT_CLASS = YES_ERROR;
				CLANG_WARN_UNREACHABLE_CODE = YES;
				CLANG_WARN__DUPLICATE_METHOD_MATCH = YES;
				COPY_PHASE_STRIP = NO;
				DEBUG_INFORMATION_FORMAT = dwarf;
				ENABLE_STRICT_OBJC_MSGSEND = YES;
				GCC_C_LANGUAGE_STANDARD = gnu99;
				GCC_DYNAMIC_NO_PIC = NO;
				GCC_NO_COMMON_BLOCKS = YES;
				GCC_OPTIMIZATION_LEVEL = 0;
				GCC_PREPROCESSOR_DEFINITIONS = (
					"DEBUG=1",
					"$(inherited)",
				);
				GCC_SYMBOLS_PRIVATE_EXTERN = NO;
				GCC_WARN_64_TO_32_BIT_CONVERSION = YES;
				GCC_WARN_ABOUT_RETURN_TYPE = YES_ERROR;
				GCC_WARN_UNDECLARED_SELECTOR = YES;
				GCC_WARN_UNINITIALIZED_AUTOS = YES_AGGRESSIVE;
				GCC_WARN_UNUSED_FUNCTION = YES;
				GCC_WARN_UNUSED_VARIABLE = YES;
				MACOSX_DEPLOYMENT_TARGET = 10.10;
				MTL_ENABLE_DEBUG_INFO = YES;
				ONLY_ACTIVE_ARCH = YES;
				SDKROOT = macosx;
			};
			name = Debug;
		};
		AB1815441BAA57C400F65B33 /* Release */ = {
			isa = XCBuildConfiguration;
			buildSettings = {
				ALWAYS_SEARCH_USER_PATHS = NO;
				CLANG_CXX_LANGUAGE_STANDARD = "gnu++0x";
				CLANG_CXX_LIBRARY = "libc++";
				CLANG_ENABLE_MODULES = YES;
				CLANG_ENABLE_OBJC_ARC = YES;
				CLANG_WARN_BOOL_CONVERSION = YES;
				CLANG_WARN_CONSTANT_CONVERSION = YES;
				CLANG_WARN_DIRECT_OBJC_ISA_USAGE = YES_ERROR;
				CLANG_WARN_EMPTY_BODY = YES;
				CLANG_WARN_ENUM_CONVERSION = YES;
				CLANG_WARN_INT_CONVERSION = YES;
				CLANG_WARN_OBJC_ROOT_CLASS = YES_ERROR;
				CLANG_WARN_UNREACHABLE_CODE = YES;
				CLANG_WARN__DUPLICATE_METHOD_MATCH = YES;
				COPY_PHASE_STRIP = NO;
				DEBUG_INFORMATION_FORMAT = "dwarf-with-dsym";
				ENABLE_NS_ASSERTIONS = NO;
				ENABLE_STRICT_OBJC_MSGSEND = YES;
				GCC_C_LANGUAGE_STANDARD = gnu99;
				GCC_NO_COMMON_BLOCKS = YES;
				GCC_WARN_64_TO_32_BIT_CONVERSION = YES;
				GCC_WARN_ABOUT_RETURN_TYPE = YES_ERROR;
				GCC_WARN_UNDECLARED_SELECTOR = YES;
				GCC_WARN_UNINITIALIZED_AUTOS = YES_AGGRESSIVE;
				GCC_WARN_UNUSED_FUNCTION = YES;
				GCC_WARN_UNUSED_VARIABLE = YES;
				MACOSX_DEPLOYMENT_TARGET = 10.10;
				MTL_ENABLE_DEBUG_INFO = NO;
				SDKROOT = macosx;
			};
			name = Release;
		};
		AB1815461BAA57C400F65B33 /* Debug */ = {
			isa = XCBuildConfiguration;
			buildSettings = {
				DYLIB_COMPATIBILITY_VERSION = 1;
				DYLIB_CURRENT_VERSION = 1;
				EXECUTABLE_PREFIX = lib;
				GCC_C_LANGUAGE_STANDARD = c89;
				PRODUCT_NAME = "$(TARGET_NAME)";
			};
			name = Debug;
		};
		AB1815471BAA57C400F65B33 /* Release */ = {
			isa = XCBuildConfiguration;
			buildSettings = {
				DYLIB_COMPATIBILITY_VERSION = 1;
				DYLIB_CURRENT_VERSION = 1;
				EXECUTABLE_PREFIX = lib;
				GCC_C_LANGUAGE_STANDARD = c89;
				PRODUCT_NAME = "$(TARGET_NAME)";
			};
			name = Release;
		};
		AB1815511BAA57DC00F65B33 /* Debug */ = {
			isa = XCBuildConfiguration;
			buildSettings = {
				GCC_PREPROCESSOR_DEFINITIONS = (
					"DEBUG=1",
					"$(inherited)",
				);
				PRODUCT_NAME = "$(TARGET_NAME)";
			};
			name = Debug;
		};
		AB1815521BAA57DC00F65B33 /* Release */ = {
			isa = XCBuildConfiguration;
			buildSettings = {
				PRODUCT_NAME = "$(TARGET_NAME)";
			};
			name = Release;
		};
/* End XCBuildConfiguration section */

/* Begin XCConfigurationList section */
		AB18153C1BAA57C400F65B33 /* Build configuration list for PBXProject "acid3" */ = {
			isa = XCConfigurationList;
			buildConfigurations = (
				AB1815431BAA57C400F65B33 /* Debug */,
				AB1815441BAA57C400F65B33 /* Release */,
			);
			defaultConfigurationIsVisible = 0;
			defaultConfigurationName = Release;
		};
		AB1815451BAA57C400F65B33 /* Build configuration list for PBXNativeTarget "acid3" */ = {
			isa = XCConfigurationList;
			buildConfigurations = (
				AB1815461BAA57C400F65B33 /* Debug */,
				AB1815471BAA57C400F65B33 /* Release */,
			);
			defaultConfigurationIsVisible = 0;
		};
		AB1815501BAA57DC00F65B33 /* Build configuration list for PBXNativeTarget "acid3Tests" */ = {
			isa = XCConfigurationList;
			buildConfigurations = (
				AB1815511BAA57DC00F65B33 /* Debug */,
				AB1815521BAA57DC00F65B33 /* Release */,
			);
			defaultConfigurationIsVisible = 0;
		};
/* End XCConfigurationList section */
	};
	rootObject = AB1815391BAA57C400F65B33 /* Project object */;
}
